
Microsoft Visual Studio Solution File, Format Version 12.00
# Visual Studio Version 17
VisualStudioVersion = 17.9.34714.143
MinimumVisualStudioVersion = 10.0.40219.1
Project("{9A19103F-16F7-4668-BE54-9A1E7A4F7556}") = "Evrak Takibi_old", "Evrak Takibi\Evrak Takibi_old.csproj", "{718D0323-AC4E-49D7-8BC1-64523525BEC2}"
EndProject
Project("{9A19103F-16F7-4668-BE54-9A1E7A4F7556}") = "Evrak Takibi Programı", "Evrak Takibi Programı\Evrak Takibi Programı.csproj", "{73C4F81D-A4A8-40E0-B84F-7EF420881F6F}"
EndProject
Project("{54435603-DBB4-11D2-8724-00A0C9A8B90C}") = "EvrakTakibiSetup", "EvrakTakibiSetup\EvrakTakibiSetup.vdproj", "{2D12FDB0-D0E5-4FAB-BA0F-71BD1373EB63}"
EndProject
Global
	GlobalSection(SolutionConfigurationPlatforms) = preSolution
		Debug|Any CPU = Debug|Any CPU
		Release|Any CPU = Release|Any CPU
	EndGlobalSection
	GlobalSection(ProjectConfigurationPlatforms) = postSolution
		{718D0323-AC4E-49D7-8BC1-64523525BEC2}.Debug|Any CPU.ActiveCfg = Debug|Any CPU
		{718D0323-AC4E-49D7-8BC1-64523525BEC2}.Debug|Any CPU.Build.0 = Debug|Any CPU
		{718D0323-AC4E-49D7-8BC1-64523525BEC2}.Release|Any CPU.ActiveCfg = Release|Any CPU
		{718D0323-AC4E-49D7-8BC1-64523525BEC2}.Release|Any CPU.Build.0 = Release|Any CPU
		{73C4F81D-A4A8-40E0-B84F-7EF420881F6F}.Debug|Any CPU.ActiveCfg = Debug|Any CPU
		{73C4F81D-A4A8-40E0-B84F-7EF420881F6F}.Debug|Any CPU.Build.0 = Debug|Any CPU
		{73C4F81D-A4A8-40E0-B84F-7EF420881F6F}.Release|Any CPU.ActiveCfg = Release|Any CPU
		{73C4F81D-A4A8-40E0-B84F-7EF420881F6F}.Release|Any CPU.Build.0 = Release|Any CPU
		{2D12FDB0-D0E5-4FAB-BA0F-71BD1373EB63}.Debug|Any CPU.ActiveCfg = Debug
		{2D12FDB0-D0E5-4FAB-BA0F-71BD1373EB63}.Release|Any CPU.ActiveCfg = Release
	EndGlobalSection
	GlobalSection(SolutionProperties) = preSolution
		HideSolutionNode = FALSE
	EndGlobalSection
	GlobalSection(ExtensibilityGlobals) = postSolution
		SolutionGuid = {52CCE206-FBD3-4E75-A5DE-BA9D6332E2EA}
	EndGlobalSection
EndGlobal
